
Microsoft Visual Studio Solution File, Format Version 12.00
# Visual Studio Version 17
VisualStudioVersion = 17.8.34309.116
MinimumVisualStudioVersion = 10.0.40219.1
Project("{9A19103F-16F7-4668-BE54-9A1E7A4F7556}") = "SQLConverter", "SQLConverter\SQLConverter.csproj", "{93381D4F-8D51-4EBB-92A0-0FD14CA81471}"
EndProject
Project("{9A19103F-16F7-4668-BE54-9A1E7A4F7556}") = "SQLConverter.Desktop", "SQLConverter.Desktop\SQLConverter.Desktop.csproj", "{77B8B42E-CAE4-47E4-87FA-D54EF8FB4C3E}"
EndProject
Global
	GlobalSection(SolutionConfigurationPlatforms) = preSolution
		Debug|Any CPU = Debug|Any CPU
		Release|Any CPU = Release|Any CPU
	EndGlobalSection
	GlobalSection(ProjectConfigurationPlatforms) = postSolution
		{93381D4F-8D51-4EBB-92A0-0FD14CA81471}.Debug|Any CPU.ActiveCfg = Debug|Any CPU
		{93381D4F-8D51-4EBB-92A0-0FD14CA81471}.Debug|Any CPU.Build.0 = Debug|Any CPU
		{93381D4F-8D51-4EBB-92A0-0FD14CA81471}.Release|Any CPU.ActiveCfg = Release|Any CPU
		{93381D4F-8D51-4EBB-92A0-0FD14CA81471}.Release|Any CPU.Build.0 = Release|Any CPU
		{77B8B42E-CAE4-47E4-87FA-D54EF8FB4C3E}.Debug|Any CPU.ActiveCfg = Debug|Any CPU
		{77B8B42E-CAE4-47E4-87FA-D54EF8FB4C3E}.Debug|Any CPU.Build.0 = Debug|Any CPU
		{77B8B42E-CAE4-47E4-87FA-D54EF8FB4C3E}.Release|Any CPU.ActiveCfg = Release|Any CPU
		{77B8B42E-CAE4-47E4-87FA-D54EF8FB4C3E}.Release|Any CPU.Build.0 = Release|Any CPU
	EndGlobalSection
	GlobalSection(SolutionProperties) = preSolution
		HideSolutionNode = FALSE
	EndGlobalSection
	GlobalSection(ExtensibilityGlobals) = postSolution
		SolutionGuid = {8321D0E3-8D8A-4928-A2C4-23C81B247230}
	EndGlobalSection
EndGlobal
